
Microsoft Visual Studio Solution File, Format Version 12.00
# Visual Studio Version 16
VisualStudioVersion = 16.0.31205.134
MinimumVisualStudioVersion = 10.0.40219.1
Project("{9A19103F-16F7-4668-BE54-9A1E7A4F7556}") = "CE.DataAccess", "CE.DataAccess\CE.DataAccess.csproj", "{7B213AA9-CA32-482D-BC52-88634669A718}"
EndProject
Project("{9A19103F-16F7-4668-BE54-9A1E7A4F7556}") = "CE.Repository", "CE.Repository\CE.Repository.csproj", "{A91E541E-69AC-4E5A-9C7E-9F6ED6B95D43}"
EndProject
Project("{9A19103F-16F7-4668-BE54-9A1E7A4F7556}") = "CE.Service", "CE.Service\CE.Service.csproj", "{5684A2CE-6CBD-4AA8-AFDE-25A673AE8005}"
EndProject
Project("{9A19103F-16F7-4668-BE54-9A1E7A4F7556}") = "CE.WebAPI", "CE.WebAPI\CE.WebAPI.csproj", "{3FF84D93-5B32-43FD-9BCF-1033C1D086FC}"
EndProject
Global
	GlobalSection(SolutionConfigurationPlatforms) = preSolution
		Debug|Any CPU = Debug|Any CPU
		Release|Any CPU = Release|Any CPU
	EndGlobalSection
	GlobalSection(ProjectConfigurationPlatforms) = postSolution
		{7B213AA9-CA32-482D-BC52-88634669A718}.Debug|Any CPU.ActiveCfg = Debug|Any CPU
		{7B213AA9-CA32-482D-BC52-88634669A718}.Debug|Any CPU.Build.0 = Debug|Any CPU
		{7B213AA9-CA32-482D-BC52-88634669A718}.Release|Any CPU.ActiveCfg = Release|Any CPU
		{7B213AA9-CA32-482D-BC52-88634669A718}.Release|Any CPU.Build.0 = Release|Any CPU
		{A91E541E-69AC-4E5A-9C7E-9F6ED6B95D43}.Debug|Any CPU.ActiveCfg = Debug|Any CPU
		{A91E541E-69AC-4E5A-9C7E-9F6ED6B95D43}.Debug|Any CPU.Build.0 = Debug|Any CPU
		{A91E541E-69AC-4E5A-9C7E-9F6ED6B95D43}.Release|Any CPU.ActiveCfg = Release|Any CPU
		{A91E541E-69AC-4E5A-9C7E-9F6ED6B95D43}.Release|Any CPU.Build.0 = Release|Any CPU
		{5684A2CE-6CBD-4AA8-AFDE-25A673AE8005}.Debug|Any CPU.ActiveCfg = Debug|Any CPU
		{5684A2CE-6CBD-4AA8-AFDE-25A673AE8005}.Debug|Any CPU.Build.0 = Debug|Any CPU
		{5684A2CE-6CBD-4AA8-AFDE-25A673AE8005}.Release|Any CPU.ActiveCfg = Release|Any CPU
		{5684A2CE-6CBD-4AA8-AFDE-25A673AE8005}.Release|Any CPU.Build.0 = Release|Any CPU
		{3FF84D93-5B32-43FD-9BCF-1033C1D086FC}.Debug|Any CPU.ActiveCfg = Debug|Any CPU
		{3FF84D93-5B32-43FD-9BCF-1033C1D086FC}.Debug|Any CPU.Build.0 = Debug|Any CPU
		{3FF84D93-5B32-43FD-9BCF-1033C1D086FC}.Release|Any CPU.ActiveCfg = Release|Any CPU
		{3FF84D93-5B32-43FD-9BCF-1033C1D086FC}.Release|Any CPU.Build.0 = Release|Any CPU
	EndGlobalSection
	GlobalSection(SolutionProperties) = preSolution
		HideSolutionNode = FALSE
	EndGlobalSection
	GlobalSection(ExtensibilityGlobals) = postSolution
		SolutionGuid = {6903813B-725C-415F-8D00-D834D3B6A039}
	EndGlobalSection
EndGlobal
